// !$*UTF8*$!
{
	archiveVersion = 1;
	classes = {
	};
	objectVersion = 56;
	objects = {

/* Begin PBXBuildFile section */
		18F1ECE12C8CFD330029D864 /* SecureStoreApp.swift in Sources */ = {isa = PBXBuildFile; fileRef = 18F1ECE02C8CFD330029D864 /* SecureStoreApp.swift */; };
		18F1ECE32C8CFD330029D864 /* ContentView.swift in Sources */ = {isa = PBXBuildFile; fileRef = 18F1ECE22C8CFD330029D864 /* ContentView.swift */; };
		18F1ECE52C8CFD350029D864 /* Assets.xcassets in Resources */ = {isa = PBXBuildFile; fileRef = 18F1ECE42C8CFD350029D864 /* Assets.xcassets */; };
		18F1ECE82C8CFD350029D864 /* Preview Assets.xcassets in Resources */ = {isa = PBXBuildFile; fileRef = 18F1ECE72C8CFD350029D864 /* Preview Assets.xcassets */; };
		18F1ECEF2C8CFD9E0029D864 /* PasswordVaultView.swift in Sources */ = {isa = PBXBuildFile; fileRef = 18F1ECEE2C8CFD9E0029D864 /* PasswordVaultView.swift */; };
		18F1ECF12C8CFE930029D864 /* ImageVaultView.swift in Sources */ = {isa = PBXBuildFile; fileRef = 18F1ECF02C8CFE930029D864 /* ImageVaultView.swift */; };
		18F1ECF32C8D6A230029D864 /* PasswordGeneratorView.swift in Sources */ = {isa = PBXBuildFile; fileRef = 18F1ECF22C8D6A230029D864 /* PasswordGeneratorView.swift */; };
/* End PBXBuildFile section */

/* Begin PBXFileReference section */
		18F1ECDD2C8CFD330029D864 /* SecureStore.app */ = {isa = PBXFileReference; explicitFileType = wrapper.application; includeInIndex = 0; path = SecureStore.app; sourceTree = BUILT_PRODUCTS_DIR; };
		18F1ECE02C8CFD330029D864 /* SecureStoreApp.swift */ = {isa = PBXFileReference; lastKnownFileType = sourcecode.swift; path = SecureStoreApp.swift; sourceTree = "<group>"; };
		18F1ECE22C8CFD330029D864 /* ContentView.swift */ = {isa = PBXFileReference; lastKnownFileType = sourcecode.swift; path = ContentView.swift; sourceTree = "<group>"; };
		18F1ECE42C8CFD350029D864 /* Assets.xcassets */ = {isa = PBXFileReference; lastKnownFileType = folder.assetcatalog; path = Assets.xcassets; sourceTree = "<group>"; };
		18F1ECE72C8CFD350029D864 /* Preview Assets.xcassets */ = {isa = PBXFileReference; lastKnownFileType = folder.assetcatalog; path = "Preview Assets.xcassets"; sourceTree = "<group>"; };
		18F1ECEE2C8CFD9E0029D864 /* PasswordVaultView.swift */ = {isa = PBXFileReference; lastKnownFileType = sourcecode.swift; path = PasswordVaultView.swift; sourceTree = "<group>"; };
		18F1ECF02C8CFE930029D864 /* ImageVaultView.swift */ = {isa = PBXFileReference; lastKnownFileType = sourcecode.swift; path = ImageVaultView.swift; sourceTree = "<group>"; };
		18F1ECF22C8D6A230029D864 /* PasswordGeneratorView.swift */ = {isa = PBXFileReference; lastKnownFileType = sourcecode.swift; path = PasswordGeneratorView.swift; sourceTree = "<group>"; };
		18F1ECF42C8D8E2F0029D864 /* Info.plist */ = {isa = PBXFileReference; lastKnownFileType = text.plist; path = Info.plist; sourceTree = "<group>"; };
/* End PBXFileReference section */

/* Begin PBXFrameworksBuildPhase section */
		18F1ECDA2C8CFD330029D864 /* Frameworks */ = {
			isa = PBXFrameworksBuildPhase;
			buildActionMask = 2147483647;
			files = (
			);
			runOnlyForDeploymentPostprocessing = 0;
		};
/* End PBXFrameworksBuildPhase section */

/* Begin PBXGroup section */
		18F1ECD42C8CFD330029D864 = {
			isa = PBXGroup;
			children = (
				18F1ECDF2C8CFD330029D864 /* SecureStore */,
				18F1ECDE2C8CFD330029D864 /* Products */,
			);
			sourceTree = "<group>";
		};
		18F1ECDE2C8CFD330029D864 /* Products */ = {
			isa = PBXGroup;
			children = (
				18F1ECDD2C8CFD330029D864 /* SecureStore.app */,
			);
			name = Products;
			sourceTree = "<group>";
		};
		18F1ECDF2C8CFD330029D864 /* SecureStore */ = {
			isa = PBXGroup;
			children = (
				18F1ECF42C8D8E2F0029D864 /* Info.plist */,
				18F1ECE02C8CFD330029D864 /* SecureStoreApp.swift */,
				18F1ECE22C8CFD330029D864 /* ContentView.swift */,
				18F1ECF22C8D6A230029D864 /* PasswordGeneratorView.swift */,
				18F1ECF02C8CFE930029D864 /* ImageVaultView.swift */,
				18F1ECEE2C8CFD9E0029D864 /* PasswordVaultView.swift */,
				18F1ECE42C8CFD350029D864 /* Assets.xcassets */,
				18F1ECE62C8CFD350029D864 /* Preview Content */,
			);
			path = SecureStore;
			sourceTree = "<group>";
		};
		18F1ECE62C8CFD350029D864 /* Preview Content */ = {
			isa = PBXGroup;
			children = (
				18F1ECE72C8CFD350029D864 /* Preview Assets.xcassets */,
			);
			path = "Preview Content";
			sourceTree = "<group>";
		};
/* End PBXGroup section */

/* Begin PBXNativeTarget section */
		18F1ECDC2C8CFD330029D864 /* SecureStore */ = {
			isa = PBXNativeTarget;
			buildConfigurationList = 18F1ECEB2C8CFD350029D864 /* Build configuration list for PBXNativeTarget "SecureStore" */;
			buildPhases = (
				18F1ECD92C8CFD330029D864 /* Sources */,
				18F1ECDA2C8CFD330029D864 /* Frameworks */,
				18F1ECDB2C8CFD330029D864 /* Resources */,
			);
			buildRules = (
			);
			dependencies = (
			);
			name = SecureStore;
			productName = SecureStore;
			productReference = 18F1ECDD2C8CFD330029D864 /* SecureStore.app */;
			productType = "com.apple.product-type.application";
		};
/* End PBXNativeTarget section */

/* Begin PBXProject section */
		18F1ECD52C8CFD330029D864 /* Project object */ = {
			isa = PBXProject;
			attributes = {
				BuildIndependentTargetsInParallel = 1;
				LastSwiftUpdateCheck = 1540;
				LastUpgradeCheck = 1540;
				TargetAttributes = {
					18F1ECDC2C8CFD330029D864 = {
						CreatedOnToolsVersion = 15.4;
					};
				};
			};
			buildConfigurationList = 18F1ECD82C8CFD330029D864 /* Build configuration list for PBXProject "SecureStore" */;
			compatibilityVersion = "Xcode 14.0";
			developmentRegion = en;
			hasScannedForEncodings = 0;
			knownRegions = (
				en,
				Base,
			);
			mainGroup = 18F1ECD42C8CFD330029D864;
			productRefGroup = 18F1ECDE2C8CFD330029D864 /* Products */;
			projectDirPath = "";
			projectRoot = "";
			targets = (
				18F1ECDC2C8CFD330029D864 /* SecureStore */,
			);
		};
/* End PBXProject section */

/* Begin PBXResourcesBuildPhase section */
		18F1ECDB2C8CFD330029D864 /* Resources */ = {
			isa = PBXResourcesBuildPhase;
			buildActionMask = 2147483647;
			files = (
				18F1ECE82C8CFD350029D864 /* Preview Assets.xcassets in Resources */,
				18F1ECE52C8CFD350029D864 /* Assets.xcassets in Resources */,
			);
			runOnlyForDeploymentPostprocessing = 0;
		};
/* End PBXResourcesBuildPhase section */

/* Begin PBXSourcesBuildPhase section */
		18F1ECD92C8CFD330029D864 /* Sources */ = {
			isa = PBXSourcesBuildPhase;
			buildActionMask = 2147483647;
			files = (
				18F1ECF32C8D6A230029D864 /* PasswordGeneratorView.swift in Sources */,
				18F1ECE32C8CFD330029D864 /* ContentView.swift in Sources */,
				18F1ECF12C8CFE930029D864 /* ImageVaultView.swift in Sources */,
				18F1ECEF2C8CFD9E0029D864 /* PasswordVaultView.swift in Sources */,
				18F1ECE12C8CFD330029D864 /* SecureStoreApp.swift in Sources */,
			);
			runOnlyForDeploymentPostprocessing = 0;
		};
/* End PBXSourcesBuildPhase section */

/* Begin XCBuildConfiguration section */
		18F1ECE92C8CFD350029D864 /* Debug */ = {
			isa = XCBuildConfiguration;
			buildSettings = {
				ALWAYS_SEARCH_USER_PATHS = NO;
				ASSETCATALOG_COMPILER_GENERATE_SWIFT_ASSET_SYMBOL_EXTENSIONS = YES;
				CLANG_ANALYZER_NONNULL = YES;
				CLANG_ANALYZER_NUMBER_OBJECT_CONVERSION = YES_AGGRESSIVE;
				CLANG_CXX_LANGUAGE_STANDARD = "gnu++20";
				CLANG_ENABLE_MODULES = YES;
				CLANG_ENABLE_OBJC_ARC = YES;
				CLANG_ENABLE_OBJC_WEAK = YES;
				CLANG_WARN_BLOCK_CAPTURE_AUTORELEASING = YES;
				CLANG_WARN_BOOL_CONVERSION = YES;
				CLANG_WARN_COMMA = YES;
				CLANG_WARN_CONSTANT_CONVERSION = YES;
				CLANG_WARN_DEPRECATED_OBJC_IMPLEMENTATIONS = YES;
				CLANG_WARN_DIRECT_OBJC_ISA_USAGE = YES_ERROR;
				CLANG_WARN_DOCUMENTATION_COMMENTS = YES;
				CLANG_WARN_EMPTY_BODY = YES;
				CLANG_WARN_ENUM_CONVERSION = YES;
				CLANG_WARN_INFINITE_RECURSION = YES;
				CLANG_WARN_INT_CONVERSION = YES;
				CLANG_WARN_NON_LITERAL_NULL_CONVERSION = YES;
				CLANG_WARN_OBJC_IMPLICIT_RETAIN_SELF = YES;
				CLANG_WARN_OBJC_LITERAL_CONVERSION = YES;
				CLANG_WARN_OBJC_ROOT_CLASS = YES_ERROR;
				CLANG_WARN_QUOTED_INCLUDE_IN_FRAMEWORK_HEADER = YES;
				CLANG_WARN_RANGE_LOOP_ANALYSIS = YES;
				CLANG_WARN_STRICT_PROTOTYPES = YES;
				CLANG_WARN_SUSPICIOUS_MOVE = YES;
				CLANG_WARN_UNGUARDED_AVAILABILITY = YES_AGGRESSIVE;
				CLANG_WARN_UNREACHABLE_CODE = YES;
				CLANG_WARN__DUPLICATE_METHOD_MATCH = YES;
				COPY_PHASE_STRIP = NO;
				DEBUG_INFORMATION_FORMAT = dwarf;
				ENABLE_STRICT_OBJC_MSGSEND = YES;
				ENABLE_TESTABILITY = YES;
				ENABLE_USER_SCRIPT_SANDBOXING = YES;
				GCC_C_LANGUAGE_STANDARD = gnu17;
				GCC_DYNAMIC_NO_PIC = NO;
				GCC_NO_COMMON_BLOCKS = YES;
				GCC_OPTIMIZATION_LEVEL = 0;
				GCC_PREPROCESSOR_DEFINITIONS = (
					"DEBUG=1",
					"$(inherited)",
				);
				GCC_WARN_64_TO_32_BIT_CONVERSION = YES;
				GCC_WARN_ABOUT_RETURN_TYPE = YES_ERROR;
				GCC_WARN_UNDECLARED_SELECTOR = YES;
				GCC_WARN_UNINITIALIZED_AUTOS = YES_AGGRESSIVE;
				GCC_WARN_UNUSED_FUNCTION = YES;
				GCC_WARN_UNUSED_VARIABLE = YES;
				IPHONEOS_DEPLOYMENT_TARGET = 17.5;
				LOCALIZATION_PREFERS_STRING_CATALOGS = YES;
				MTL_ENABLE_DEBUG_INFO = INCLUDE_SOURCE;
				MTL_FAST_MATH = YES;
				ONLY_ACTIVE_ARCH = YES;
				SDKROOT = iphoneos;
				SWIFT_ACTIVE_COMPILATION_CONDITIONS = "DEBUG $(inherited)";
				SWIFT_OPTIMIZATION_LEVEL = "-Onone";
			};
			name = Debug;
		};
		18F1ECEA2C8CFD350029D864 /* Release */ = {
			isa = XCBuildConfiguration;
			buildSettings = {
				ALWAYS_SEARCH_USER_PATHS = NO;
				ASSETCATALOG_COMPILER_GENERATE_SWIFT_ASSET_SYMBOL_EXTENSIONS = YES;
				CLANG_ANALYZER_NONNULL = YES;
				CLANG_ANALYZER_NUMBER_OBJECT_CONVERSION = YES_AGGRESSIVE;
				CLANG_CXX_LANGUAGE_STANDARD = "gnu++20";
				CLANG_ENABLE_MODULES = YES;
				CLANG_ENABLE_OBJC_ARC = YES;
				CLANG_ENABLE_OBJC_WEAK = YES;
				CLANG_WARN_BLOCK_CAPTURE_AUTORELEASING = YES;
				CLANG_WARN_BOOL_CONVERSION = YES;
				CLANG_WARN_COMMA = YES;
				CLANG_WARN_CONSTANT_CONVERSION = YES;
				CLANG_WARN_DEPRECATED_OBJC_IMPLEMENTATIONS = YES;
				CLANG_WARN_DIRECT_OBJC_ISA_USAGE = YES_ERROR;
				CLANG_WARN_DOCUMENTATION_COMMENTS = YES;
				CLANG_WARN_EMPTY_BODY = YES;
				CLANG_WARN_ENUM_CONVERSION = YES;
				CLANG_WARN_INFINITE_RECURSION = YES;
				CLANG_WARN_INT_CONVERSION = YES;
				CLANG_WARN_NON_LITERAL_NULL_CONVERSION = YES;
				CLANG_WARN_OBJC_IMPLICIT_RETAIN_SELF = YES;
				CLANG_WARN_OBJC_LITERAL_CONVERSION = YES;
				CLANG_WARN_OBJC_ROOT_CLASS = YES_ERROR;
				CLANG_WARN_QUOTED_INCLUDE_IN_FRAMEWORK_HEADER = YES;
				CLANG_WARN_RANGE_LOOP_ANALYSIS = YES;
				CLANG_WARN_STRICT_PROTOTYPES = YES;
				CLANG_WARN_SUSPICIOUS_MOVE = YES;
				CLANG_WARN_UNGUARDED_AVAILABILITY = YES_AGGRESSIVE;
				CLANG_WARN_UNREACHABLE_CODE = YES;
				CLANG_WARN__DUPLICATE_METHOD_MATCH = YES;
				COPY_PHASE_STRIP = NO;
				DEBUG_INFORMATION_FORMAT = "dwarf-with-dsym";
				ENABLE_NS_ASSERTIONS = NO;
				ENABLE_STRICT_OBJC_MSGSEND = YES;
				ENABLE_USER_SCRIPT_SANDBOXING = YES;
				GCC_C_LANGUAGE_STANDARD = gnu17;
				GCC_NO_COMMON_BLOCKS = YES;
				GCC_WARN_64_TO_32_BIT_CONVERSION = YES;
				GCC_WARN_ABOUT_RETURN_TYPE = YES_ERROR;
				GCC_WARN_UNDECLARED_SELECTOR = YES;
				GCC_WARN_UNINITIALIZED_AUTOS = YES_AGGRESSIVE;
				GCC_WARN_UNUSED_FUNCTION = YES;
				GCC_WARN_UNUSED_VARIABLE = YES;
				IPHONEOS_DEPLOYMENT_TARGET = 17.5;
				LOCALIZATION_PREFERS_STRING_CATALOGS = YES;
				MTL_ENABLE_DEBUG_INFO = NO;
				MTL_FAST_MATH = YES;
				SDKROOT = iphoneos;
				SWIFT_COMPILATION_MODE = wholemodule;
				VALIDATE_PRODUCT = YES;
			};
			name = Release;
		};
		18F1ECEC2C8CFD350029D864 /* Debug */ = {
			isa = XCBuildConfiguration;
			buildSettings = {
				ASSETCATALOG_COMPILER_APPICON_NAME = AppIcon;
				ASSETCATALOG_COMPILER_GLOBAL_ACCENT_COLOR_NAME = AccentColor;
				CODE_SIGN_STYLE = Automatic;
				CURRENT_PROJECT_VERSION = 1;
				DEVELOPMENT_ASSET_PATHS = "\"SecureStore/Preview Content\"";
				DEVELOPMENT_TEAM = 6TX36CBY88;
				ENABLE_PREVIEWS = YES;
				GENERATE_INFOPLIST_FILE = YES;
				INFOPLIST_FILE = SecureStore/Info.plist;
				INFOPLIST_KEY_NSFaceIDUsageDescription = "We use Face ID to secure your data.";
				INFOPLIST_KEY_NSPhotoLibraryUsageDescription = "App need to access To download Edited image in library!";
				INFOPLIST_KEY_UIApplicationSceneManifest_Generation = YES;
				INFOPLIST_KEY_UIApplicationSupportsIndirectInputEvents = YES;
				INFOPLIST_KEY_UILaunchScreen_Generation = YES;
				INFOPLIST_KEY_UISupportedInterfaceOrientations = UIInterfaceOrientationPortrait;
				INFOPLIST_KEY_UISupportedInterfaceOrientations_iPad = "UIInterfaceOrientationLandscapeLeft UIInterfaceOrientationLandscapeRight UIInterfaceOrientationPortrait UIInterfaceOrientationPortraitUpsideDown";
				INFOPLIST_KEY_UIUserInterfaceStyle = Light;
				IPHONEOS_DEPLOYMENT_TARGET = 16.0;
				LD_RUNPATH_SEARCH_PATHS = (
					"$(inherited)",
					"@executable_path/Frameworks",
				);
				MARKETING_VERSION = 1.0;
				PRODUCT_BUNDLE_IDENTIFIER = com.SecureStore;
				PRODUCT_NAME = "$(TARGET_NAME)";
				SUPPORTED_PLATFORMS = "iphoneos iphonesimulator";
				SUPPORTS_MACCATALYST = NO;
				SWIFT_EMIT_LOC_STRINGS = YES;
				SWIFT_VERSION = 5.0;
				TARGETED_DEVICE_FAMILY = 1;
			};
			name = Debug;
		};
		18F1ECED2C8CFD350029D864 /* Release */ = {
			isa = XCBuildConfiguration;
			buildSettings = {
				ASSETCATALOG_COMPILER_APPICON_NAME = AppIcon;
				ASSETCATALOG_COMPILER_GLOBAL_ACCENT_COLOR_NAME = AccentColor;
				CODE_SIGN_STYLE = Automatic;
				CURRENT_PROJECT_VERSION = 1;
				DEVELOPMENT_ASSET_PATHS = "\"SecureStore/Preview Content\"";
				DEVELOPMENT_TEAM = 6TX36CBY88;
				ENABLE_PREVIEWS = YES;
				GENERATE_INFOPLIST_FILE = YES;
				INFOPLIST_FILE = SecureStore/Info.plist;
				INFOPLIST_KEY_NSFaceIDUsageDescription = "We use Face ID to secure your data.";
				INFOPLIST_KEY_NSPhotoLibraryUsageDescription = "App need to access To download Edited image in library!";
				INFOPLIST_KEY_UIApplicationSceneManifest_Generation = YES;
				INFOPLIST_KEY_UIApplicationSupportsIndirectInputEvents = YES;
				INFOPLIST_KEY_UILaunchScreen_Generation = YES;
				INFOPLIST_KEY_UISupportedInterfaceOrientations = UIInterfaceOrientationPortrait;
				INFOPLIST_KEY_UISupportedInterfaceOrientations_iPad = "UIInterfaceOrientationLandscapeLeft UIInterfaceOrientationLandscapeRight UIInterfaceOrientationPortrait UIInterfaceOrientationPortraitUpsideDown";
				INFOPLIST_KEY_UIUserInterfaceStyle = Light;
				IPHONEOS_DEPLOYMENT_TARGET = 16.0;
				LD_RUNPATH_SEARCH_PATHS = (
					"$(inherited)",
					"@executable_path/Frameworks",
				);
				MARKETING_VERSION = 1.0;
				PRODUCT_BUNDLE_IDENTIFIER = com.SecureStore;
				PRODUCT_NAME = "$(TARGET_NAME)";
				SUPPORTED_PLATFORMS = "iphoneos iphonesimulator";
				SUPPORTS_MACCATALYST = NO;
				SWIFT_EMIT_LOC_STRINGS = YES;
				SWIFT_VERSION = 5.0;
				TARGETED_DEVICE_FAMILY = 1;
			};
			name = Release;
		};
/* End XCBuildConfiguration section */

/* Begin XCConfigurationList section */
		18F1ECD82C8CFD330029D864 /* Build configuration list for PBXProject "SecureStore" */ = {
			isa = XCConfigurationList;
			buildConfigurations = (
				18F1ECE92C8CFD350029D864 /* Debug */,
				18F1ECEA2C8CFD350029D864 /* Release */,
			);
			defaultConfigurationIsVisible = 0;
			defaultConfigurationName = Release;
		};
		18F1ECEB2C8CFD350029D864 /* Build configuration list for PBXNativeTarget "SecureStore" */ = {
			isa = XCConfigurationList;
			buildConfigurations = (
				18F1ECEC2C8CFD350029D864 /* Debug */,
				18F1ECED2C8CFD350029D864 /* Release */,
			);
			defaultConfigurationIsVisible = 0;
			defaultConfigurationName = Release;
		};
/* End XCConfigurationList section */
	};
	rootObject = 18F1ECD52C8CFD330029D864 /* Project object */;
}
